
Microsoft Visual Studio Solution File, Format Version 12.00
# Visual Studio Version 17
VisualStudioVersion = 17.3.32929.385
MinimumVisualStudioVersion = 10.0.40219.1
Project("{FAE04EC0-301F-11D3-BF4B-00C04F79EFBC}") = "Task1", "Task1\Task1.csproj", "{0B0A03EA-56C3-40DD-9E0E-484404E90CF0}"
EndProject
Global
	GlobalSection(SolutionConfigurationPlatforms) = preSolution
		Debug|Any CPU = Debug|Any CPU
		Release|Any CPU = Release|Any CPU
	EndGlobalSection
	GlobalSection(ProjectConfigurationPlatforms) = postSolution
		{0B0A03EA-56C3-40DD-9E0E-484404E90CF0}.Debug|Any CPU.ActiveCfg = Debug|Any CPU
		{0B0A03EA-56C3-40DD-9E0E-484404E90CF0}.Debug|Any CPU.Build.0 = Debug|Any CPU
		{0B0A03EA-56C3-40DD-9E0E-484404E90CF0}.Release|Any CPU.ActiveCfg = Release|Any CPU
		{0B0A03EA-56C3-40DD-9E0E-484404E90CF0}.Release|Any CPU.Build.0 = Release|Any CPU
	EndGlobalSection
	GlobalSection(SolutionProperties) = preSolution
		HideSolutionNode = FALSE
	EndGlobalSection
	GlobalSection(ExtensibilityGlobals) = postSolution
		SolutionGuid = {3A61241C-2843-4C01-84D1-5E4999D72953}
	EndGlobalSection
EndGlobal
